
Microsoft Visual Studio Solution File, Format Version 12.00
# Visual Studio Version 17
VisualStudioVersion = 17.5.002.0
MinimumVisualStudioVersion = 10.0.40219.1
Project("{9A19103F-16F7-4668-BE54-9A1E7A4F7556}") = "atividade_imc_mstest", "atividade_imc_mstest\atividade_imc_mstest.csproj", "{DC64D46D-F577-4348-8465-216F82BB7828}"
EndProject
Global
	GlobalSection(SolutionConfigurationPlatforms) = preSolution
		Debug|Any CPU = Debug|Any CPU
		Release|Any CPU = Release|Any CPU
	EndGlobalSection
	GlobalSection(ProjectConfigurationPlatforms) = postSolution
		{DC64D46D-F577-4348-8465-216F82BB7828}.Debug|Any CPU.ActiveCfg = Debug|Any CPU
		{DC64D46D-F577-4348-8465-216F82BB7828}.Debug|Any CPU.Build.0 = Debug|Any CPU
		{DC64D46D-F577-4348-8465-216F82BB7828}.Release|Any CPU.ActiveCfg = Release|Any CPU
		{DC64D46D-F577-4348-8465-216F82BB7828}.Release|Any CPU.Build.0 = Release|Any CPU
	EndGlobalSection
	GlobalSection(SolutionProperties) = preSolution
		HideSolutionNode = FALSE
	EndGlobalSection
	GlobalSection(ExtensibilityGlobals) = postSolution
		SolutionGuid = {37AB30EF-E268-4AED-97F6-44596BEA41BE}
	EndGlobalSection
EndGlobal
